
Microsoft Visual Studio Solution File, Format Version 12.00
Project("{FAE04EC0-301F-11D3-BF4B-00C04F79EFBC}") = "Domain.DermaImage", "Domain.DermaImage\Domain.DermaImage.csproj", "{B52E13DF-6132-4988-AE31-E08209825434}"
EndProject
Project("{FAE04EC0-301F-11D3-BF4B-00C04F79EFBC}") = "Application.DermaImage", "Application.DermaImage\Application.DermaImage.csproj", "{C3C440EE-61E8-49B6-A027-849E7B7BF311}"
EndProject
Project("{FAE04EC0-301F-11D3-BF4B-00C04F79EFBC}") = "Infrastructure.DermaImage", "Infrastructure.DermaImage\Infrastructure.DermaImage.csproj", "{5B98F524-193E-4DCC-9B74-595F516C8B61}"
EndProject
Project("{FAE04EC0-301F-11D3-BF4B-00C04F79EFBC}") = "WebApi.DermaImage", "WebApi.DermaImage\WebApi.DermaImage.csproj", "{31B65019-C56A-4A95-A3E6-3D4460F46714}"
EndProject
Global
	GlobalSection(SolutionConfigurationPlatforms) = preSolution
		Debug|Any CPU = Debug|Any CPU
		Release|Any CPU = Release|Any CPU
	EndGlobalSection
	GlobalSection(ProjectConfigurationPlatforms) = postSolution
		{B52E13DF-6132-4988-AE31-E08209825434}.Debug|Any CPU.ActiveCfg = Debug|Any CPU
		{B52E13DF-6132-4988-AE31-E08209825434}.Debug|Any CPU.Build.0 = Debug|Any CPU
		{B52E13DF-6132-4988-AE31-E08209825434}.Release|Any CPU.ActiveCfg = Release|Any CPU
		{B52E13DF-6132-4988-AE31-E08209825434}.Release|Any CPU.Build.0 = Release|Any CPU
		{C3C440EE-61E8-49B6-A027-849E7B7BF311}.Debug|Any CPU.ActiveCfg = Debug|Any CPU
		{C3C440EE-61E8-49B6-A027-849E7B7BF311}.Debug|Any CPU.Build.0 = Debug|Any CPU
		{C3C440EE-61E8-49B6-A027-849E7B7BF311}.Release|Any CPU.ActiveCfg = Release|Any CPU
		{C3C440EE-61E8-49B6-A027-849E7B7BF311}.Release|Any CPU.Build.0 = Release|Any CPU
		{5B98F524-193E-4DCC-9B74-595F516C8B61}.Debug|Any CPU.ActiveCfg = Debug|Any CPU
		{5B98F524-193E-4DCC-9B74-595F516C8B61}.Debug|Any CPU.Build.0 = Debug|Any CPU
		{5B98F524-193E-4DCC-9B74-595F516C8B61}.Release|Any CPU.ActiveCfg = Release|Any CPU
		{5B98F524-193E-4DCC-9B74-595F516C8B61}.Release|Any CPU.Build.0 = Release|Any CPU
		{31B65019-C56A-4A95-A3E6-3D4460F46714}.Debug|Any CPU.ActiveCfg = Debug|Any CPU
		{31B65019-C56A-4A95-A3E6-3D4460F46714}.Debug|Any CPU.Build.0 = Debug|Any CPU
		{31B65019-C56A-4A95-A3E6-3D4460F46714}.Release|Any CPU.ActiveCfg = Release|Any CPU
		{31B65019-C56A-4A95-A3E6-3D4460F46714}.Release|Any CPU.Build.0 = Release|Any CPU
	EndGlobalSection
EndGlobal
